
Microsoft Visual Studio Solution File, Format Version 12.00
# Visual Studio Version 16
VisualStudioVersion = 16.0.29001.49
MinimumVisualStudioVersion = 10.0.40219.1
Project("{FAE04EC0-301F-11D3-BF4B-00C04F79EFBC}") = "INSS", "INSS\INSS.csproj", "{26D60A2C-FB40-4BF0-82AE-95B6C39D2CB4}"
EndProject
Global
	GlobalSection(SolutionConfigurationPlatforms) = preSolution
		Debug|Any CPU = Debug|Any CPU
		Release|Any CPU = Release|Any CPU
	EndGlobalSection
	GlobalSection(ProjectConfigurationPlatforms) = postSolution
		{26D60A2C-FB40-4BF0-82AE-95B6C39D2CB4}.Debug|Any CPU.ActiveCfg = Debug|Any CPU
		{26D60A2C-FB40-4BF0-82AE-95B6C39D2CB4}.Debug|Any CPU.Build.0 = Debug|Any CPU
		{26D60A2C-FB40-4BF0-82AE-95B6C39D2CB4}.Release|Any CPU.ActiveCfg = Release|Any CPU
		{26D60A2C-FB40-4BF0-82AE-95B6C39D2CB4}.Release|Any CPU.Build.0 = Release|Any CPU
	EndGlobalSection
	GlobalSection(SolutionProperties) = preSolution
		HideSolutionNode = FALSE
	EndGlobalSection
	GlobalSection(ExtensibilityGlobals) = postSolution
		SolutionGuid = {D72A24BE-63B1-4235-9AB7-DAFFEABE427E}
	EndGlobalSection
EndGlobal
